
Microsoft Visual Studio Solution File, Format Version 12.00
# Visual Studio Version 17
VisualStudioVersion = 17.14.36310.24
MinimumVisualStudioVersion = 10.0.40219.1
Project("{FAE04EC0-301F-11D3-BF4B-00C04F79EFBC}") = "SuperPotato", "SuperPotato.csproj", "{9C919D08-3AF5-429F-BECB-F5AAB5E329C2}"
EndProject
Global
	GlobalSection(SolutionConfigurationPlatforms) = preSolution
		Debug|Any CPU = Debug|Any CPU
		Debug|x64 = Debug|x64
		Release|Any CPU = Release|Any CPU
		Release|x64 = Release|x64
	EndGlobalSection
	GlobalSection(ProjectConfigurationPlatforms) = postSolution
		{9C919D08-3AF5-429F-BECB-F5AAB5E329C2}.Debug|Any CPU.ActiveCfg = Debug|Any CPU
		{9C919D08-3AF5-429F-BECB-F5AAB5E329C2}.Debug|Any CPU.Build.0 = Debug|Any CPU
		{9C919D08-3AF5-429F-BECB-F5AAB5E329C2}.Debug|x64.ActiveCfg = Debug|x64
		{9C919D08-3AF5-429F-BECB-F5AAB5E329C2}.Debug|x64.Build.0 = Debug|x64
		{9C919D08-3AF5-429F-BECB-F5AAB5E329C2}.Release|Any CPU.ActiveCfg = Release|Any CPU
		{9C919D08-3AF5-429F-BECB-F5AAB5E329C2}.Release|Any CPU.Build.0 = Release|Any CPU
		{9C919D08-3AF5-429F-BECB-F5AAB5E329C2}.Release|x64.ActiveCfg = Release|x64
		{9C919D08-3AF5-429F-BECB-F5AAB5E329C2}.Release|x64.Build.0 = Release|x64
	EndGlobalSection
	GlobalSection(SolutionProperties) = preSolution
		HideSolutionNode = FALSE
	EndGlobalSection
	GlobalSection(ExtensibilityGlobals) = postSolution
		SolutionGuid = {DE147188-8907-41CB-860A-DB06D01A5F89}
	EndGlobalSection
EndGlobal
